
Microsoft Visual Studio Solution File, Format Version 12.00
# Visual Studio 15
VisualStudioVersion = 15.0.26124.0
MinimumVisualStudioVersion = 15.0.26124.0
Project("{2150E333-8FDC-42A3-9474-1A3956D46DE8}") = "src", "src", "{1E4CA7C9-8B03-41A9-BBA0-5A2E78899035}"
EndProject
Project("{FAE04EC0-301F-11D3-BF4B-00C04F79EFBC}") = "Pingbot.Api", "src\Pingbot.Api\Pingbot.Api.csproj", "{80E77142-7095-4D58-BE63-AEFC6132BAA2}"
EndProject
Global
	GlobalSection(SolutionConfigurationPlatforms) = preSolution
		Debug|Any CPU = Debug|Any CPU
		Debug|x64 = Debug|x64
		Debug|x86 = Debug|x86
		Release|Any CPU = Release|Any CPU
		Release|x64 = Release|x64
		Release|x86 = Release|x86
	EndGlobalSection
	GlobalSection(SolutionProperties) = preSolution
		HideSolutionNode = FALSE
	EndGlobalSection
	GlobalSection(ProjectConfigurationPlatforms) = postSolution
		{80E77142-7095-4D58-BE63-AEFC6132BAA2}.Debug|Any CPU.ActiveCfg = Debug|Any CPU
		{80E77142-7095-4D58-BE63-AEFC6132BAA2}.Debug|Any CPU.Build.0 = Debug|Any CPU
		{80E77142-7095-4D58-BE63-AEFC6132BAA2}.Debug|x64.ActiveCfg = Debug|Any CPU
		{80E77142-7095-4D58-BE63-AEFC6132BAA2}.Debug|x64.Build.0 = Debug|Any CPU
		{80E77142-7095-4D58-BE63-AEFC6132BAA2}.Debug|x86.ActiveCfg = Debug|Any CPU
		{80E77142-7095-4D58-BE63-AEFC6132BAA2}.Debug|x86.Build.0 = Debug|Any CPU
		{80E77142-7095-4D58-BE63-AEFC6132BAA2}.Release|Any CPU.ActiveCfg = Release|Any CPU
		{80E77142-7095-4D58-BE63-AEFC6132BAA2}.Release|Any CPU.Build.0 = Release|Any CPU
		{80E77142-7095-4D58-BE63-AEFC6132BAA2}.Release|x64.ActiveCfg = Release|Any CPU
		{80E77142-7095-4D58-BE63-AEFC6132BAA2}.Release|x64.Build.0 = Release|Any CPU
		{80E77142-7095-4D58-BE63-AEFC6132BAA2}.Release|x86.ActiveCfg = Release|Any CPU
		{80E77142-7095-4D58-BE63-AEFC6132BAA2}.Release|x86.Build.0 = Release|Any CPU
	EndGlobalSection
	GlobalSection(NestedProjects) = preSolution
		{80E77142-7095-4D58-BE63-AEFC6132BAA2} = {1E4CA7C9-8B03-41A9-BBA0-5A2E78899035}
	EndGlobalSection
EndGlobal
